
Microsoft Visual Studio Solution File, Format Version 12.00
# Visual Studio Version 16
VisualStudioVersion = 16.0.31402.337
MinimumVisualStudioVersion = 10.0.40219.1
Project("{FAE04EC0-301F-11D3-BF4B-00C04F79EFBC}") = "arboles1.3.console", "arboles1.3.console\arboles1.3.console.csproj", "{2F8A1FC9-1B2C-49C7-8920-A17BD4DD2BC9}"
EndProject
Global
	GlobalSection(SolutionConfigurationPlatforms) = preSolution
		Debug|Any CPU = Debug|Any CPU
		Release|Any CPU = Release|Any CPU
	EndGlobalSection
	GlobalSection(ProjectConfigurationPlatforms) = postSolution
		{2F8A1FC9-1B2C-49C7-8920-A17BD4DD2BC9}.Debug|Any CPU.ActiveCfg = Debug|Any CPU
		{2F8A1FC9-1B2C-49C7-8920-A17BD4DD2BC9}.Debug|Any CPU.Build.0 = Debug|Any CPU
		{2F8A1FC9-1B2C-49C7-8920-A17BD4DD2BC9}.Release|Any CPU.ActiveCfg = Release|Any CPU
		{2F8A1FC9-1B2C-49C7-8920-A17BD4DD2BC9}.Release|Any CPU.Build.0 = Release|Any CPU
	EndGlobalSection
	GlobalSection(SolutionProperties) = preSolution
		HideSolutionNode = FALSE
	EndGlobalSection
	GlobalSection(ExtensibilityGlobals) = postSolution
		SolutionGuid = {77D6C748-2394-4B26-9BBA-F1C93A533E93}
	EndGlobalSection
EndGlobal
