
Microsoft Visual Studio Solution File, Format Version 12.00
# Visual Studio Version 16
VisualStudioVersion = 16.0.31402.337
MinimumVisualStudioVersion = 10.0.40219.1
Project("{FAE04EC0-301F-11D3-BF4B-00C04F79EFBC}") = "Arbol1.3.console", "Arbol1.3.console\Arbol1.3.console.csproj", "{B6432DBB-DF02-443C-9261-C0BBF76F32C6}"
EndProject
Global
	GlobalSection(SolutionConfigurationPlatforms) = preSolution
		Debug|Any CPU = Debug|Any CPU
		Release|Any CPU = Release|Any CPU
	EndGlobalSection
	GlobalSection(ProjectConfigurationPlatforms) = postSolution
		{B6432DBB-DF02-443C-9261-C0BBF76F32C6}.Debug|Any CPU.ActiveCfg = Debug|Any CPU
		{B6432DBB-DF02-443C-9261-C0BBF76F32C6}.Debug|Any CPU.Build.0 = Debug|Any CPU
		{B6432DBB-DF02-443C-9261-C0BBF76F32C6}.Release|Any CPU.ActiveCfg = Release|Any CPU
		{B6432DBB-DF02-443C-9261-C0BBF76F32C6}.Release|Any CPU.Build.0 = Release|Any CPU
	EndGlobalSection
	GlobalSection(SolutionProperties) = preSolution
		HideSolutionNode = FALSE
	EndGlobalSection
	GlobalSection(ExtensibilityGlobals) = postSolution
		SolutionGuid = {BE563345-56EC-40EA-A6EA-198E140012FA}
	EndGlobalSection
EndGlobal
